
Microsoft Visual Studio Solution File, Format Version 12.00
# Visual Studio Version 17
VisualStudioVersion = 17.11.35312.102
MinimumVisualStudioVersion = 10.0.40219.1
Project("{2150E333-8FDC-42A3-9474-1A3956D46DE8}") = "Task0", "Task0", "{98B6E8C9-B75E-40B1-81C9-794456516BF8}"
EndProject
Project("{9A19103F-16F7-4668-BE54-9A1E7A4F7556}") = "Tyuiu.VaganovMA.Sprint2.Task0.V26", "Tyuiu.VaganovMA.Sprint2.Task0.V26\Tyuiu.VaganovMA.Sprint2.Task0.V26.csproj", "{D399AE4D-E95C-40A6-90A9-D46953380D04}"
EndProject
Project("{9A19103F-16F7-4668-BE54-9A1E7A4F7556}") = "Tyuiu.VaganovMA.Sprint2.Task0.V26.Test", "Tyuiu.VaganovMA.Sprint2.Task0.V26.Test\Tyuiu.VaganovMA.Sprint2.Task0.V26.Test.csproj", "{720C84BF-DD78-4CAA-AB90-A833296114DA}"
EndProject
Project("{9A19103F-16F7-4668-BE54-9A1E7A4F7556}") = "Tyuiu.VaganovMA.Sprint2.Task0.V26.Lib", "Tyuiu.VaganovMA.Sprint2.Task0.V26.Lib\Tyuiu.VaganovMA.Sprint2.Task0.V26.Lib.csproj", "{1B20B2FB-824C-416C-B2B3-9B39C1DC001B}"
EndProject
Project("{2150E333-8FDC-42A3-9474-1A3956D46DE8}") = "Task1", "Task1", "{8BB5899F-F824-496B-A80B-615FD34C3849}"
EndProject
Project("{9A19103F-16F7-4668-BE54-9A1E7A4F7556}") = "Tyuiu.VaganovMA.Sprint2.Task1.V16", "Tyuiu.VaganovMA.Sprint2.Task1.V16\Tyuiu.VaganovMA.Sprint2.Task1.V16.csproj", "{E1B53E59-A437-44BB-8C8B-C7B222A7C448}"
EndProject
Project("{9A19103F-16F7-4668-BE54-9A1E7A4F7556}") = "Tyuiu.VaganovMA.Sprint2.Task1.V16.Lib", "Tyuiu.VaganovMA.Sprint2.Task1.V16.Lib\Tyuiu.VaganovMA.Sprint2.Task1.V16.Lib.csproj", "{1312E05B-F318-44CB-BF42-012A2A7A2C73}"
EndProject
Project("{9A19103F-16F7-4668-BE54-9A1E7A4F7556}") = "Tyuiu.VaganovMA.Sprint2.Task1.V16.Test", "Tyuiu.VaganovMA.Sprint2.Task1.V16.Test\Tyuiu.VaganovMA.Sprint2.Task1.V16.Test.csproj", "{C65DC57C-9096-406A-BCF4-3AAC9AFCFDEA}"
EndProject
Project("{2150E333-8FDC-42A3-9474-1A3956D46DE8}") = "Task2", "Task2", "{1D55A933-6B0E-46BC-AFBE-D5F90632201A}"
EndProject
Project("{9A19103F-16F7-4668-BE54-9A1E7A4F7556}") = "Tyuiu.VaganovMA.Sprint2.Task2.V5.Test", "Tyuiu.VaganovMA.Sprint2.Task2.V5.Test\Tyuiu.VaganovMA.Sprint2.Task2.V5.Test.csproj", "{952E018A-2836-4E9F-88F6-F5FAC8B045AA}"
EndProject
Project("{9A19103F-16F7-4668-BE54-9A1E7A4F7556}") = "Tyuiu.VaganovMA.Sprint2.Task2.V5.Lib", "Tyuiu.VaganovMA.Sprint2.Task2.V5.Lib\Tyuiu.VaganovMA.Sprint2.Task2.V5.Lib.csproj", "{002F25A8-531A-415B-A539-48BD930365AE}"
EndProject
Project("{9A19103F-16F7-4668-BE54-9A1E7A4F7556}") = "Tyuiu.VaganovMA.Sprint2.Task2.V5", "Tyuiu.VaganovMA.Sprint2.Task2.V5\Tyuiu.VaganovMA.Sprint2.Task2.V5.csproj", "{E925FCC4-AC41-4E31-AD85-965262BCFE9F}"
EndProject
Project("{2150E333-8FDC-42A3-9474-1A3956D46DE8}") = "Task3", "Task3", "{5FFC92CE-B0C4-41C7-B8F0-5999010105C6}"
EndProject
Project("{9A19103F-16F7-4668-BE54-9A1E7A4F7556}") = "Tyuiu.VaganovMA.Sprint2.Task3.V26", "Tyuiu.VaganovMA.Sprint2.Task3.V26\Tyuiu.VaganovMA.Sprint2.Task3.V26.csproj", "{B610018C-18CA-4317-964E-5B251BC98987}"
EndProject
Project("{9A19103F-16F7-4668-BE54-9A1E7A4F7556}") = "Tyuiu.VaganovMA.Sprint2.Task3.V26.Test", "Tyuiu.VaganovMA.Sprint2.Task3.V26.Test\Tyuiu.VaganovMA.Sprint2.Task3.V26.Test.csproj", "{1CBF7E97-E4E9-4CFB-A64A-63F1D0511AF4}"
EndProject
Project("{9A19103F-16F7-4668-BE54-9A1E7A4F7556}") = "Tyuiu.VaganovMA.Sprint2.Task3.V26.Lib", "Tyuiu.VaganovMA.Sprint2.Task3.V26.Lib\Tyuiu.VaganovMA.Sprint2.Task3.V26.Lib.csproj", "{7C9502B3-0CAC-4448-8C61-21CC6E819B17}"
EndProject
Project("{2150E333-8FDC-42A3-9474-1A3956D46DE8}") = "Task4", "Task4", "{6A426001-7386-454A-9B1A-E928ED3FFB22}"
EndProject
Project("{FAE04EC0-301F-11D3-BF4B-00C04F79EFBC}") = "Tyuiu.VaganovMA.Sprint2.Task4.V18", "Tyuiu.VaganovMA.Sprint2.Task4.V18\Tyuiu.VaganovMA.Sprint2.Task4.V18.csproj", "{5229688F-6CC4-4A53-93D2-A0EB729FE1FC}"
EndProject
Project("{FAE04EC0-301F-11D3-BF4B-00C04F79EFBC}") = "Tyuiu.VaganovMA.Sprint2.Task4.V18.Test", "Tyuiu.VaganovMA.Sprint2.Task4.V18.Test\Tyuiu.VaganovMA.Sprint2.Task4.V18.Test.csproj", "{84021CBB-0F3B-4CDF-AAE1-E2D304050137}"
EndProject
Project("{FAE04EC0-301F-11D3-BF4B-00C04F79EFBC}") = "Tyuiu.VaganovMA.Sprint2.Task4.V18.Lib", "Tyuiu.VaganovMA.Sprint2.Task4.V18.Lib\Tyuiu.VaganovMA.Sprint2.Task4.V18.Lib.csproj", "{22CE0F6C-2A3C-4EE7-8EB3-6B316A0214CE}"
EndProject
Project("{2150E333-8FDC-42A3-9474-1A3956D46DE8}") = "Task5", "Task5", "{6E545505-A255-4D4C-BC43-B084B7727F98}"
EndProject
Project("{FAE04EC0-301F-11D3-BF4B-00C04F79EFBC}") = "Tyuiu.VaganovMA.Sprint2.Task5.V5", "Tyuiu.VaganovMA.Sprint2.Task5.V5\Tyuiu.VaganovMA.Sprint2.Task5.V5.csproj", "{13FCAC6F-B14E-41F7-9546-2E1293BCEB51}"
EndProject
Project("{FAE04EC0-301F-11D3-BF4B-00C04F79EFBC}") = "Tyuiu.VaganovMA.Sprint2.Task5.V5.Lib", "Tyuiu.VaganovMA.Sprint2.Task5.V5.Lib\Tyuiu.VaganovMA.Sprint2.Task5.V5.Lib.csproj", "{9CAEFE74-F603-4DBB-A839-EB38531A0F8C}"
EndProject
Project("{FAE04EC0-301F-11D3-BF4B-00C04F79EFBC}") = "Tyuiu.VaganovMA.Sprint2.Task5.V5.Test", "Tyuiu.VaganovMA.Sprint2.Task5.V5.Test\Tyuiu.VaganovMA.Sprint2.Task5.V5.Test.csproj", "{A394C6FB-205B-4EB8-9C03-B1F278A79BDA}"
EndProject
Project("{2150E333-8FDC-42A3-9474-1A3956D46DE8}") = "Task6", "Task6", "{89494727-25AC-45B1-AEC1-FB15B5236DE5}"
EndProject
Project("{FAE04EC0-301F-11D3-BF4B-00C04F79EFBC}") = "Tyuiu.VaganovMA.Sprint2.Task6.V5", "Tyuiu.VaganovMA.Sprint2.Task6.V5\Tyuiu.VaganovMA.Sprint2.Task6.V5.csproj", "{C3FA4BD4-2422-4FB9-ADD8-2E64ED18754A}"
EndProject
Project("{FAE04EC0-301F-11D3-BF4B-00C04F79EFBC}") = "Tyuiu.VaganovMA.Sprint2.Task6.V5.Lib", "Tyuiu.VaganovMA.Sprint2.Task6.V5.Lib\Tyuiu.VaganovMA.Sprint2.Task6.V5.Lib.csproj", "{9AA562BA-34AB-45AF-B8C1-7DA70084B582}"
EndProject
Project("{FAE04EC0-301F-11D3-BF4B-00C04F79EFBC}") = "Tyuiu.VaganovMA.Sprint2.Task6.V5.Test", "Tyuiu.VaganovMA.Sprint2.Task6.V5.Test\Tyuiu.VaganovMA.Sprint2.Task6.V5.Test.csproj", "{43D7C512-DD25-402F-8A0D-81E2F86AC497}"
EndProject
Global
	GlobalSection(SolutionConfigurationPlatforms) = preSolution
		Debug|Any CPU = Debug|Any CPU
		Release|Any CPU = Release|Any CPU
	EndGlobalSection
	GlobalSection(ProjectConfigurationPlatforms) = postSolution
		{D399AE4D-E95C-40A6-90A9-D46953380D04}.Debug|Any CPU.ActiveCfg = Debug|Any CPU
		{D399AE4D-E95C-40A6-90A9-D46953380D04}.Debug|Any CPU.Build.0 = Debug|Any CPU
		{D399AE4D-E95C-40A6-90A9-D46953380D04}.Release|Any CPU.ActiveCfg = Release|Any CPU
		{D399AE4D-E95C-40A6-90A9-D46953380D04}.Release|Any CPU.Build.0 = Release|Any CPU
		{720C84BF-DD78-4CAA-AB90-A833296114DA}.Debug|Any CPU.ActiveCfg = Debug|Any CPU
		{720C84BF-DD78-4CAA-AB90-A833296114DA}.Debug|Any CPU.Build.0 = Debug|Any CPU
		{720C84BF-DD78-4CAA-AB90-A833296114DA}.Release|Any CPU.ActiveCfg = Release|Any CPU
		{720C84BF-DD78-4CAA-AB90-A833296114DA}.Release|Any CPU.Build.0 = Release|Any CPU
		{1B20B2FB-824C-416C-B2B3-9B39C1DC001B}.Debug|Any CPU.ActiveCfg = Debug|Any CPU
		{1B20B2FB-824C-416C-B2B3-9B39C1DC001B}.Debug|Any CPU.Build.0 = Debug|Any CPU
		{1B20B2FB-824C-416C-B2B3-9B39C1DC001B}.Release|Any CPU.ActiveCfg = Release|Any CPU
		{1B20B2FB-824C-416C-B2B3-9B39C1DC001B}.Release|Any CPU.Build.0 = Release|Any CPU
		{E1B53E59-A437-44BB-8C8B-C7B222A7C448}.Debug|Any CPU.ActiveCfg = Debug|Any CPU
		{E1B53E59-A437-44BB-8C8B-C7B222A7C448}.Debug|Any CPU.Build.0 = Debug|Any CPU
		{E1B53E59-A437-44BB-8C8B-C7B222A7C448}.Release|Any CPU.ActiveCfg = Release|Any CPU
		{E1B53E59-A437-44BB-8C8B-C7B222A7C448}.Release|Any CPU.Build.0 = Release|Any CPU
		{1312E05B-F318-44CB-BF42-012A2A7A2C73}.Debug|Any CPU.ActiveCfg = Debug|Any CPU
		{1312E05B-F318-44CB-BF42-012A2A7A2C73}.Debug|Any CPU.Build.0 = Debug|Any CPU
		{1312E05B-F318-44CB-BF42-012A2A7A2C73}.Release|Any CPU.ActiveCfg = Release|Any CPU
		{1312E05B-F318-44CB-BF42-012A2A7A2C73}.Release|Any CPU.Build.0 = Release|Any CPU
		{C65DC57C-9096-406A-BCF4-3AAC9AFCFDEA}.Debug|Any CPU.ActiveCfg = Debug|Any CPU
		{C65DC57C-9096-406A-BCF4-3AAC9AFCFDEA}.Debug|Any CPU.Build.0 = Debug|Any CPU
		{C65DC57C-9096-406A-BCF4-3AAC9AFCFDEA}.Release|Any CPU.ActiveCfg = Release|Any CPU
		{C65DC57C-9096-406A-BCF4-3AAC9AFCFDEA}.Release|Any CPU.Build.0 = Release|Any CPU
		{952E018A-2836-4E9F-88F6-F5FAC8B045AA}.Debug|Any CPU.ActiveCfg = Debug|Any CPU
		{952E018A-2836-4E9F-88F6-F5FAC8B045AA}.Debug|Any CPU.Build.0 = Debug|Any CPU
		{952E018A-2836-4E9F-88F6-F5FAC8B045AA}.Release|Any CPU.ActiveCfg = Release|Any CPU
		{952E018A-2836-4E9F-88F6-F5FAC8B045AA}.Release|Any CPU.Build.0 = Release|Any CPU
		{002F25A8-531A-415B-A539-48BD930365AE}.Debug|Any CPU.ActiveCfg = Debug|Any CPU
		{002F25A8-531A-415B-A539-48BD930365AE}.Debug|Any CPU.Build.0 = Debug|Any CPU
		{002F25A8-531A-415B-A539-48BD930365AE}.Release|Any CPU.ActiveCfg = Release|Any CPU
		{002F25A8-531A-415B-A539-48BD930365AE}.Release|Any CPU.Build.0 = Release|Any CPU
		{E925FCC4-AC41-4E31-AD85-965262BCFE9F}.Debug|Any CPU.ActiveCfg = Debug|Any CPU
		{E925FCC4-AC41-4E31-AD85-965262BCFE9F}.Debug|Any CPU.Build.0 = Debug|Any CPU
		{E925FCC4-AC41-4E31-AD85-965262BCFE9F}.Release|Any CPU.ActiveCfg = Release|Any CPU
		{E925FCC4-AC41-4E31-AD85-965262BCFE9F}.Release|Any CPU.Build.0 = Release|Any CPU
		{B610018C-18CA-4317-964E-5B251BC98987}.Debug|Any CPU.ActiveCfg = Debug|Any CPU
		{B610018C-18CA-4317-964E-5B251BC98987}.Debug|Any CPU.Build.0 = Debug|Any CPU
		{B610018C-18CA-4317-964E-5B251BC98987}.Release|Any CPU.ActiveCfg = Release|Any CPU
		{B610018C-18CA-4317-964E-5B251BC98987}.Release|Any CPU.Build.0 = Release|Any CPU
		{1CBF7E97-E4E9-4CFB-A64A-63F1D0511AF4}.Debug|Any CPU.ActiveCfg = Debug|Any CPU
		{1CBF7E97-E4E9-4CFB-A64A-63F1D0511AF4}.Debug|Any CPU.Build.0 = Debug|Any CPU
		{1CBF7E97-E4E9-4CFB-A64A-63F1D0511AF4}.Release|Any CPU.ActiveCfg = Release|Any CPU
		{1CBF7E97-E4E9-4CFB-A64A-63F1D0511AF4}.Release|Any CPU.Build.0 = Release|Any CPU
		{7C9502B3-0CAC-4448-8C61-21CC6E819B17}.Debug|Any CPU.ActiveCfg = Debug|Any CPU
		{7C9502B3-0CAC-4448-8C61-21CC6E819B17}.Debug|Any CPU.Build.0 = Debug|Any CPU
		{7C9502B3-0CAC-4448-8C61-21CC6E819B17}.Release|Any CPU.ActiveCfg = Release|Any CPU
		{7C9502B3-0CAC-4448-8C61-21CC6E819B17}.Release|Any CPU.Build.0 = Release|Any CPU
		{5229688F-6CC4-4A53-93D2-A0EB729FE1FC}.Debug|Any CPU.ActiveCfg = Debug|Any CPU
		{5229688F-6CC4-4A53-93D2-A0EB729FE1FC}.Debug|Any CPU.Build.0 = Debug|Any CPU
		{5229688F-6CC4-4A53-93D2-A0EB729FE1FC}.Release|Any CPU.ActiveCfg = Release|Any CPU
		{5229688F-6CC4-4A53-93D2-A0EB729FE1FC}.Release|Any CPU.Build.0 = Release|Any CPU
		{84021CBB-0F3B-4CDF-AAE1-E2D304050137}.Debug|Any CPU.ActiveCfg = Debug|Any CPU
		{84021CBB-0F3B-4CDF-AAE1-E2D304050137}.Debug|Any CPU.Build.0 = Debug|Any CPU
		{84021CBB-0F3B-4CDF-AAE1-E2D304050137}.Release|Any CPU.ActiveCfg = Release|Any CPU
		{84021CBB-0F3B-4CDF-AAE1-E2D304050137}.Release|Any CPU.Build.0 = Release|Any CPU
		{22CE0F6C-2A3C-4EE7-8EB3-6B316A0214CE}.Debug|Any CPU.ActiveCfg = Debug|Any CPU
		{22CE0F6C-2A3C-4EE7-8EB3-6B316A0214CE}.Debug|Any CPU.Build.0 = Debug|Any CPU
		{22CE0F6C-2A3C-4EE7-8EB3-6B316A0214CE}.Release|Any CPU.ActiveCfg = Release|Any CPU
		{22CE0F6C-2A3C-4EE7-8EB3-6B316A0214CE}.Release|Any CPU.Build.0 = Release|Any CPU
		{13FCAC6F-B14E-41F7-9546-2E1293BCEB51}.Debug|Any CPU.ActiveCfg = Debug|Any CPU
		{13FCAC6F-B14E-41F7-9546-2E1293BCEB51}.Debug|Any CPU.Build.0 = Debug|Any CPU
		{13FCAC6F-B14E-41F7-9546-2E1293BCEB51}.Release|Any CPU.ActiveCfg = Release|Any CPU
		{13FCAC6F-B14E-41F7-9546-2E1293BCEB51}.Release|Any CPU.Build.0 = Release|Any CPU
		{9CAEFE74-F603-4DBB-A839-EB38531A0F8C}.Debug|Any CPU.ActiveCfg = Debug|Any CPU
		{9CAEFE74-F603-4DBB-A839-EB38531A0F8C}.Debug|Any CPU.Build.0 = Debug|Any CPU
		{9CAEFE74-F603-4DBB-A839-EB38531A0F8C}.Release|Any CPU.ActiveCfg = Release|Any CPU
		{9CAEFE74-F603-4DBB-A839-EB38531A0F8C}.Release|Any CPU.Build.0 = Release|Any CPU
		{A394C6FB-205B-4EB8-9C03-B1F278A79BDA}.Debug|Any CPU.ActiveCfg = Debug|Any CPU
		{A394C6FB-205B-4EB8-9C03-B1F278A79BDA}.Debug|Any CPU.Build.0 = Debug|Any CPU
		{A394C6FB-205B-4EB8-9C03-B1F278A79BDA}.Release|Any CPU.ActiveCfg = Release|Any CPU
		{A394C6FB-205B-4EB8-9C03-B1F278A79BDA}.Release|Any CPU.Build.0 = Release|Any CPU
		{C3FA4BD4-2422-4FB9-ADD8-2E64ED18754A}.Debug|Any CPU.ActiveCfg = Debug|Any CPU
		{C3FA4BD4-2422-4FB9-ADD8-2E64ED18754A}.Debug|Any CPU.Build.0 = Debug|Any CPU
		{C3FA4BD4-2422-4FB9-ADD8-2E64ED18754A}.Release|Any CPU.ActiveCfg = Release|Any CPU
		{C3FA4BD4-2422-4FB9-ADD8-2E64ED18754A}.Release|Any CPU.Build.0 = Release|Any CPU
		{9AA562BA-34AB-45AF-B8C1-7DA70084B582}.Debug|Any CPU.ActiveCfg = Debug|Any CPU
		{9AA562BA-34AB-45AF-B8C1-7DA70084B582}.Debug|Any CPU.Build.0 = Debug|Any CPU
		{9AA562BA-34AB-45AF-B8C1-7DA70084B582}.Release|Any CPU.ActiveCfg = Release|Any CPU
		{9AA562BA-34AB-45AF-B8C1-7DA70084B582}.Release|Any CPU.Build.0 = Release|Any CPU
		{43D7C512-DD25-402F-8A0D-81E2F86AC497}.Debug|Any CPU.ActiveCfg = Debug|Any CPU
		{43D7C512-DD25-402F-8A0D-81E2F86AC497}.Debug|Any CPU.Build.0 = Debug|Any CPU
		{43D7C512-DD25-402F-8A0D-81E2F86AC497}.Release|Any CPU.ActiveCfg = Release|Any CPU
		{43D7C512-DD25-402F-8A0D-81E2F86AC497}.Release|Any CPU.Build.0 = Release|Any CPU
	EndGlobalSection
	GlobalSection(SolutionProperties) = preSolution
		HideSolutionNode = FALSE
	EndGlobalSection
	GlobalSection(NestedProjects) = preSolution
		{D399AE4D-E95C-40A6-90A9-D46953380D04} = {98B6E8C9-B75E-40B1-81C9-794456516BF8}
		{720C84BF-DD78-4CAA-AB90-A833296114DA} = {98B6E8C9-B75E-40B1-81C9-794456516BF8}
		{1B20B2FB-824C-416C-B2B3-9B39C1DC001B} = {98B6E8C9-B75E-40B1-81C9-794456516BF8}
		{E1B53E59-A437-44BB-8C8B-C7B222A7C448} = {8BB5899F-F824-496B-A80B-615FD34C3849}
		{1312E05B-F318-44CB-BF42-012A2A7A2C73} = {8BB5899F-F824-496B-A80B-615FD34C3849}
		{C65DC57C-9096-406A-BCF4-3AAC9AFCFDEA} = {8BB5899F-F824-496B-A80B-615FD34C3849}
		{952E018A-2836-4E9F-88F6-F5FAC8B045AA} = {1D55A933-6B0E-46BC-AFBE-D5F90632201A}
		{002F25A8-531A-415B-A539-48BD930365AE} = {1D55A933-6B0E-46BC-AFBE-D5F90632201A}
		{E925FCC4-AC41-4E31-AD85-965262BCFE9F} = {1D55A933-6B0E-46BC-AFBE-D5F90632201A}
		{B610018C-18CA-4317-964E-5B251BC98987} = {5FFC92CE-B0C4-41C7-B8F0-5999010105C6}
		{1CBF7E97-E4E9-4CFB-A64A-63F1D0511AF4} = {5FFC92CE-B0C4-41C7-B8F0-5999010105C6}
		{7C9502B3-0CAC-4448-8C61-21CC6E819B17} = {5FFC92CE-B0C4-41C7-B8F0-5999010105C6}
		{5229688F-6CC4-4A53-93D2-A0EB729FE1FC} = {6A426001-7386-454A-9B1A-E928ED3FFB22}
		{84021CBB-0F3B-4CDF-AAE1-E2D304050137} = {6A426001-7386-454A-9B1A-E928ED3FFB22}
		{22CE0F6C-2A3C-4EE7-8EB3-6B316A0214CE} = {6A426001-7386-454A-9B1A-E928ED3FFB22}
		{13FCAC6F-B14E-41F7-9546-2E1293BCEB51} = {6E545505-A255-4D4C-BC43-B084B7727F98}
		{9CAEFE74-F603-4DBB-A839-EB38531A0F8C} = {6E545505-A255-4D4C-BC43-B084B7727F98}
		{A394C6FB-205B-4EB8-9C03-B1F278A79BDA} = {6E545505-A255-4D4C-BC43-B084B7727F98}
		{C3FA4BD4-2422-4FB9-ADD8-2E64ED18754A} = {89494727-25AC-45B1-AEC1-FB15B5236DE5}
		{9AA562BA-34AB-45AF-B8C1-7DA70084B582} = {89494727-25AC-45B1-AEC1-FB15B5236DE5}
		{43D7C512-DD25-402F-8A0D-81E2F86AC497} = {89494727-25AC-45B1-AEC1-FB15B5236DE5}
	EndGlobalSection
	GlobalSection(ExtensibilityGlobals) = postSolution
		SolutionGuid = {E4D66126-BDF9-4245-9C96-3CA9938E56AB}
	EndGlobalSection
EndGlobal
